// !$*UTF8*$!
{
	archiveVersion = 1;
	classes = {
	};
	objectVersion = 77;
	objects = {

/* Begin PBXBuildFile section */
		3BCC3C702CEB6F32006339D2 /* RxSwift in Frameworks */ = {isa = PBXBuildFile; productRef = 3BCC3C6F2CEB6F32006339D2 /* RxSwift */; };
/* End PBXBuildFile section */

/* Begin PBXContainerItemProxy section */
		3B1A1A852CEB277300842F79 /* PBXContainerItemProxy */ = {
			isa = PBXContainerItemProxy;
			containerPortal = 3B1A1A662CEB277100842F79 /* Project object */;
			proxyType = 1;
			remoteGlobalIDString = 3B1A1A6D2CEB277100842F79;
			remoteInfo = toDoUygulamasi;
		};
		3B1A1A8F2CEB277300842F79 /* PBXContainerItemProxy */ = {
			isa = PBXContainerItemProxy;
			containerPortal = 3B1A1A662CEB277100842F79 /* Project object */;
			proxyType = 1;
			remoteGlobalIDString = 3B1A1A6D2CEB277100842F79;
			remoteInfo = toDoUygulamasi;
		};
/* End PBXContainerItemProxy section */

/* Begin PBXFileReference section */
		3B1A1A6E2CEB277100842F79 /* toDoUygulamasi.app */ = {isa = PBXFileReference; explicitFileType = wrapper.application; includeInIndex = 0; path = toDoUygulamasi.app; sourceTree = BUILT_PRODUCTS_DIR; };
		3B1A1A842CEB277300842F79 /* toDoUygulamasiTests.xctest */ = {isa = PBXFileReference; explicitFileType = wrapper.cfbundle; includeInIndex = 0; path = toDoUygulamasiTests.xctest; sourceTree = BUILT_PRODUCTS_DIR; };
		3B1A1A8E2CEB277300842F79 /* toDoUygulamasiUITests.xctest */ = {isa = PBXFileReference; explicitFileType = wrapper.cfbundle; includeInIndex = 0; path = toDoUygulamasiUITests.xctest; sourceTree = BUILT_PRODUCTS_DIR; };
		3BCC3CAB2CEB80E6006339D2 /* libsqlite3.tbd */ = {isa = PBXFileReference; lastKnownFileType = "sourcecode.text-based-dylib-definition"; name = libsqlite3.tbd; path = usr/lib/libsqlite3.tbd; sourceTree = SDKROOT; };
/* End PBXFileReference section */

/* Begin PBXFileSystemSynchronizedBuildFileExceptionSet section */
		3B1A1A962CEB277300842F79 /* Exceptions for "toDoUygulamasi" folder in "toDoUygulamasi" target */ = {
			isa = PBXFileSystemSynchronizedBuildFileExceptionSet;
			membershipExceptions = (
				Info.plist,
			);
			target = 3B1A1A6D2CEB277100842F79 /* toDoUygulamasi */;
		};
/* End PBXFileSystemSynchronizedBuildFileExceptionSet section */

/* Begin PBXFileSystemSynchronizedRootGroup section */
		3B1A1A702CEB277100842F79 /* toDoUygulamasi */ = {
			isa = PBXFileSystemSynchronizedRootGroup;
			exceptions = (
				3B1A1A962CEB277300842F79 /* Exceptions for "toDoUygulamasi" folder in "toDoUygulamasi" target */,
			);
			path = toDoUygulamasi;
			sourceTree = "<group>";
		};
		3B1A1A872CEB277300842F79 /* toDoUygulamasiTests */ = {
			isa = PBXFileSystemSynchronizedRootGroup;
			path = toDoUygulamasiTests;
			sourceTree = "<group>";
		};
		3B1A1A912CEB277300842F79 /* toDoUygulamasiUITests */ = {
			isa = PBXFileSystemSynchronizedRootGroup;
			path = toDoUygulamasiUITests;
			sourceTree = "<group>";
		};
/* End PBXFileSystemSynchronizedRootGroup section */

/* Begin PBXFrameworksBuildPhase section */
		3B1A1A6B2CEB277100842F79 /* Frameworks */ = {
			isa = PBXFrameworksBuildPhase;
			buildActionMask = 2147483647;
			files = (
				3BCC3C702CEB6F32006339D2 /* RxSwift in Frameworks */,
			);
			runOnlyForDeploymentPostprocessing = 0;
		};
		3B1A1A812CEB277300842F79 /* Frameworks */ = {
			isa = PBXFrameworksBuildPhase;
			buildActionMask = 2147483647;
			files = (
			);
			runOnlyForDeploymentPostprocessing = 0;
		};
		3B1A1A8B2CEB277300842F79 /* Frameworks */ = {
			isa = PBXFrameworksBuildPhase;
			buildActionMask = 2147483647;
			files = (
			);
			runOnlyForDeploymentPostprocessing = 0;
		};
/* End PBXFrameworksBuildPhase section */

/* Begin PBXGroup section */
		3B1A1A652CEB277100842F79 = {
			isa = PBXGroup;
			children = (
				3B1A1A702CEB277100842F79 /* toDoUygulamasi */,
				3B1A1A872CEB277300842F79 /* toDoUygulamasiTests */,
				3B1A1A912CEB277300842F79 /* toDoUygulamasiUITests */,
				3BCC3CAA2CEB80E6006339D2 /* Frameworks */,
				3B1A1A6F2CEB277100842F79 /* Products */,
			);
			sourceTree = "<group>";
		};
		3B1A1A6F2CEB277100842F79 /* Products */ = {
			isa = PBXGroup;
			children = (
				3B1A1A6E2CEB277100842F79 /* toDoUygulamasi.app */,
				3B1A1A842CEB277300842F79 /* toDoUygulamasiTests.xctest */,
				3B1A1A8E2CEB277300842F79 /* toDoUygulamasiUITests.xctest */,
			);
			name = Products;
			sourceTree = "<group>";
		};
		3BCC3CAA2CEB80E6006339D2 /* Frameworks */ = {
			isa = PBXGroup;
			children = (
				3BCC3CAB2CEB80E6006339D2 /* libsqlite3.tbd */,
			);
			name = Frameworks;
			sourceTree = "<group>";
		};
/* End PBXGroup section */

/* Begin PBXNativeTarget section */
		3B1A1A6D2CEB277100842F79 /* toDoUygulamasi */ = {
			isa = PBXNativeTarget;
			buildConfigurationList = 3B1A1A972CEB277300842F79 /* Build configuration list for PBXNativeTarget "toDoUygulamasi" */;
			buildPhases = (
				3B1A1A6A2CEB277100842F79 /* Sources */,
				3B1A1A6B2CEB277100842F79 /* Frameworks */,
				3B1A1A6C2CEB277100842F79 /* Resources */,
			);
			buildRules = (
			);
			dependencies = (
			);
			fileSystemSynchronizedGroups = (
				3B1A1A702CEB277100842F79 /* toDoUygulamasi */,
			);
			name = toDoUygulamasi;
			packageProductDependencies = (
				3BCC3C6F2CEB6F32006339D2 /* RxSwift */,
			);
			productName = toDoUygulamasi;
			productReference = 3B1A1A6E2CEB277100842F79 /* toDoUygulamasi.app */;
			productType = "com.apple.product-type.application";
		};
		3B1A1A832CEB277300842F79 /* toDoUygulamasiTests */ = {
			isa = PBXNativeTarget;
			buildConfigurationList = 3B1A1A9C2CEB277300842F79 /* Build configuration list for PBXNativeTarget "toDoUygulamasiTests" */;
			buildPhases = (
				3B1A1A802CEB277300842F79 /* Sources */,
				3B1A1A812CEB277300842F79 /* Frameworks */,
				3B1A1A822CEB277300842F79 /* Resources */,
			);
			buildRules = (
			);
			dependencies = (
				3B1A1A862CEB277300842F79 /* PBXTargetDependency */,
			);
			fileSystemSynchronizedGroups = (
				3B1A1A872CEB277300842F79 /* toDoUygulamasiTests */,
			);
			name = toDoUygulamasiTests;
			packageProductDependencies = (
			);
			productName = toDoUygulamasiTests;
			productReference = 3B1A1A842CEB277300842F79 /* toDoUygulamasiTests.xctest */;
			productType = "com.apple.product-type.bundle.unit-test";
		};
		3B1A1A8D2CEB277300842F79 /* toDoUygulamasiUITests */ = {
			isa = PBXNativeTarget;
			buildConfigurationList = 3B1A1A9F2CEB277300842F79 /* Build configuration list for PBXNativeTarget "toDoUygulamasiUITests" */;
			buildPhases = (
				3B1A1A8A2CEB277300842F79 /* Sources */,
				3B1A1A8B2CEB277300842F79 /* Frameworks */,
				3B1A1A8C2CEB277300842F79 /* Resources */,
			);
			buildRules = (
			);
			dependencies = (
				3B1A1A902CEB277300842F79 /* PBXTargetDependency */,
			);
			fileSystemSynchronizedGroups = (
				3B1A1A912CEB277300842F79 /* toDoUygulamasiUITests */,
			);
			name = toDoUygulamasiUITests;
			packageProductDependencies = (
			);
			productName = toDoUygulamasiUITests;
			productReference = 3B1A1A8E2CEB277300842F79 /* toDoUygulamasiUITests.xctest */;
			productType = "com.apple.product-type.bundle.ui-testing";
		};
/* End PBXNativeTarget section */

/* Begin PBXProject section */
		3B1A1A662CEB277100842F79 /* Project object */ = {
			isa = PBXProject;
			attributes = {
				BuildIndependentTargetsInParallel = 1;
				LastSwiftUpdateCheck = 1610;
				LastUpgradeCheck = 1610;
				TargetAttributes = {
					3B1A1A6D2CEB277100842F79 = {
						CreatedOnToolsVersion = 16.1;
						LastSwiftMigration = 1610;
					};
					3B1A1A832CEB277300842F79 = {
						CreatedOnToolsVersion = 16.1;
						TestTargetID = 3B1A1A6D2CEB277100842F79;
					};
					3B1A1A8D2CEB277300842F79 = {
						CreatedOnToolsVersion = 16.1;
						TestTargetID = 3B1A1A6D2CEB277100842F79;
					};
				};
			};
			buildConfigurationList = 3B1A1A692CEB277100842F79 /* Build configuration list for PBXProject "toDoUygulamasi" */;
			developmentRegion = en;
			hasScannedForEncodings = 0;
			knownRegions = (
				en,
				Base,
			);
			mainGroup = 3B1A1A652CEB277100842F79;
			minimizedProjectReferenceProxies = 1;
			packageReferences = (
				3BCC3C6E2CEB6F32006339D2 /* XCRemoteSwiftPackageReference "RxSwift" */,
			);
			preferredProjectObjectVersion = 77;
			productRefGroup = 3B1A1A6F2CEB277100842F79 /* Products */;
			projectDirPath = "";
			projectRoot = "";
			targets = (
				3B1A1A6D2CEB277100842F79 /* toDoUygulamasi */,
				3B1A1A832CEB277300842F79 /* toDoUygulamasiTests */,
				3B1A1A8D2CEB277300842F79 /* toDoUygulamasiUITests */,
			);
		};
/* End PBXProject section */

/* Begin PBXResourcesBuildPhase section */
		3B1A1A6C2CEB277100842F79 /* Resources */ = {
			isa = PBXResourcesBuildPhase;
			buildActionMask = 2147483647;
			files = (
			);
			runOnlyForDeploymentPostprocessing = 0;
		};
		3B1A1A822CEB277300842F79 /* Resources */ = {
			isa = PBXResourcesBuildPhase;
			buildActionMask = 2147483647;
			files = (
			);
			runOnlyForDeploymentPostprocessing = 0;
		};
		3B1A1A8C2CEB277300842F79 /* Resources */ = {
			isa = PBXResourcesBuildPhase;
			buildActionMask = 2147483647;
			files = (
			);
			runOnlyForDeploymentPostprocessing = 0;
		};
/* End PBXResourcesBuildPhase section */

/* Begin PBXSourcesBuildPhase section */
		3B1A1A6A2CEB277100842F79 /* Sources */ = {
			isa = PBXSourcesBuildPhase;
			buildActionMask = 2147483647;
			files = (
			);
			runOnlyForDeploymentPostprocessing = 0;
		};
		3B1A1A802CEB277300842F79 /* Sources */ = {
			isa = PBXSourcesBuildPhase;
			buildActionMask = 2147483647;
			files = (
			);
			runOnlyForDeploymentPostprocessing = 0;
		};
		3B1A1A8A2CEB277300842F79 /* Sources */ = {
			isa = PBXSourcesBuildPhase;
			buildActionMask = 2147483647;
			files = (
			);
			runOnlyForDeploymentPostprocessing = 0;
		};
/* End PBXSourcesBuildPhase section */

/* Begin PBXTargetDependency section */
		3B1A1A862CEB277300842F79 /* PBXTargetDependency */ = {
			isa = PBXTargetDependency;
			target = 3B1A1A6D2CEB277100842F79 /* toDoUygulamasi */;
			targetProxy = 3B1A1A852CEB277300842F79 /* PBXContainerItemProxy */;
		};
		3B1A1A902CEB277300842F79 /* PBXTargetDependency */ = {
			isa = PBXTargetDependency;
			target = 3B1A1A6D2CEB277100842F79 /* toDoUygulamasi */;
			targetProxy = 3B1A1A8F2CEB277300842F79 /* PBXContainerItemProxy */;
		};
/* End PBXTargetDependency section */

/* Begin XCBuildConfiguration section */
		3B1A1A982CEB277300842F79 /* Debug */ = {
			isa = XCBuildConfiguration;
			buildSettings = {
				ASSETCATALOG_COMPILER_APPICON_NAME = AppIcon;
				ASSETCATALOG_COMPILER_GLOBAL_ACCENT_COLOR_NAME = AccentColor;
				CLANG_ENABLE_MODULES = YES;
				CODE_SIGN_STYLE = Automatic;
				CURRENT_PROJECT_VERSION = 1;
				GENERATE_INFOPLIST_FILE = YES;
				INFOPLIST_FILE = toDoUygulamasi/Info.plist;
				INFOPLIST_KEY_UIApplicationSupportsIndirectInputEvents = YES;
				INFOPLIST_KEY_UILaunchStoryboardName = LaunchScreen;
				INFOPLIST_KEY_UIMainStoryboardFile = Main;
				INFOPLIST_KEY_UISupportedInterfaceOrientations_iPad = "UIInterfaceOrientationPortrait UIInterfaceOrientationPortraitUpsideDown UIInterfaceOrientationLandscapeLeft UIInterfaceOrientationLandscapeRight";
				INFOPLIST_KEY_UISupportedInterfaceOrientations_iPhone = "UIInterfaceOrientationPortrait UIInterfaceOrientationLandscapeLeft UIInterfaceOrientationLandscapeRight";
				LD_RUNPATH_SEARCH_PATHS = (
					"$(inherited)",
					"@executable_path/Frameworks",
				);
				MARKETING_VERSION = 1.0;
				PRODUCT_BUNDLE_IDENTIFIER = com.info.toDoUygulamasi;
				PRODUCT_NAME = "$(TARGET_NAME)";
				SWIFT_EMIT_LOC_STRINGS = YES;
				SWIFT_OBJC_BRIDGING_HEADER = "toDoUygulamasi/toDoUygulamasi-Bridging-Header.h";
				SWIFT_OPTIMIZATION_LEVEL = "-Onone";
				SWIFT_VERSION = 5.0;
				TARGETED_DEVICE_FAMILY = "1,2";
			};
			name = Debug;
		};
		3B1A1A992CEB277300842F79 /* Release */ = {
			isa = XCBuildConfiguration;
			buildSettings = {
				ASSETCATALOG_COMPILER_APPICON_NAME = AppIcon;
				ASSETCATALOG_COMPILER_GLOBAL_ACCENT_COLOR_NAME = AccentColor;
				CLANG_ENABLE_MODULES = YES;
				CODE_SIGN_STYLE = Automatic;
				CURRENT_PROJECT_VERSION = 1;
				GENERATE_INFOPLIST_FILE = YES;
				INFOPLIST_FILE = toDoUygulamasi/Info.plist;
				INFOPLIST_KEY_UIApplicationSupportsIndirectInputEvents = YES;
				INFOPLIST_KEY_UILaunchStoryboardName = LaunchScreen;
				INFOPLIST_KEY_UIMainStoryboardFile = Main;
				INFOPLIST_KEY_UISupportedInterfaceOrientations_iPad = "UIInterfaceOrientationPortrait UIInterfaceOrientationPortraitUpsideDown UIInterfaceOrientationLandscapeLeft UIInterfaceOrientationLandscapeRight";
				INFOPLIST_KEY_UISupportedInterfaceOrientations_iPhone = "UIInterfaceOrientationPortrait UIInterfaceOrientationLandscapeLeft UIInterfaceOrientationLandscapeRight";
				LD_RUNPATH_SEARCH_PATHS = (
					"$(inherited)",
					"@executable_path/Frameworks",
				);
				MARKETING_VERSION = 1.0;
				PRODUCT_BUNDLE_IDENTIFIER = com.info.toDoUygulamasi;
				PRODUCT_NAME = "$(TARGET_NAME)";
				SWIFT_EMIT_LOC_STRINGS = YES;
				SWIFT_OBJC_BRIDGING_HEADER = "toDoUygulamasi/toDoUygulamasi-Bridging-Header.h";
				SWIFT_VERSION = 5.0;
				TARGETED_DEVICE_FAMILY = "1,2";
			};
			name = Release;
		};
		3B1A1A9A2CEB277300842F79 /* Debug */ = {
			isa = XCBuildConfiguration;
			buildSettings = {
				ALWAYS_SEARCH_USER_PATHS = NO;
				ASSETCATALOG_COMPILER_GENERATE_SWIFT_ASSET_SYMBOL_EXTENSIONS = YES;
				CLANG_ANALYZER_NONNULL = YES;
				CLANG_ANALYZER_NUMBER_OBJECT_CONVERSION = YES_AGGRESSIVE;
				CLANG_CXX_LANGUAGE_STANDARD = "gnu++20";
				CLANG_ENABLE_MODULES = YES;
				CLANG_ENABLE_OBJC_ARC = YES;
				CLANG_ENABLE_OBJC_WEAK = YES;
				CLANG_WARN_BLOCK_CAPTURE_AUTORELEASING = YES;
				CLANG_WARN_BOOL_CONVERSION = YES;
				CLANG_WARN_COMMA = YES;
				CLANG_WARN_CONSTANT_CONVERSION = YES;
				CLANG_WARN_DEPRECATED_OBJC_IMPLEMENTATIONS = YES;
				CLANG_WARN_DIRECT_OBJC_ISA_USAGE = YES_ERROR;
				CLANG_WARN_DOCUMENTATION_COMMENTS = YES;
				CLANG_WARN_EMPTY_BODY = YES;
				CLANG_WARN_ENUM_CONVERSION = YES;
				CLANG_WARN_INFINITE_RECURSION = YES;
				CLANG_WARN_INT_CONVERSION = YES;
				CLANG_WARN_NON_LITERAL_NULL_CONVERSION = YES;
				CLANG_WARN_OBJC_IMPLICIT_RETAIN_SELF = YES;
				CLANG_WARN_OBJC_LITERAL_CONVERSION = YES;
				CLANG_WARN_OBJC_ROOT_CLASS = YES_ERROR;
				CLANG_WARN_QUOTED_INCLUDE_IN_FRAMEWORK_HEADER = YES;
				CLANG_WARN_RANGE_LOOP_ANALYSIS = YES;
				CLANG_WARN_STRICT_PROTOTYPES = YES;
				CLANG_WARN_SUSPICIOUS_MOVE = YES;
				CLANG_WARN_UNGUARDED_AVAILABILITY = YES_AGGRESSIVE;
				CLANG_WARN_UNREACHABLE_CODE = YES;
				CLANG_WARN__DUPLICATE_METHOD_MATCH = YES;
				COPY_PHASE_STRIP = NO;
				DEBUG_INFORMATION_FORMAT = dwarf;
				ENABLE_STRICT_OBJC_MSGSEND = YES;
				ENABLE_TESTABILITY = YES;
				ENABLE_USER_SCRIPT_SANDBOXING = YES;
				GCC_C_LANGUAGE_STANDARD = gnu17;
				GCC_DYNAMIC_NO_PIC = NO;
				GCC_NO_COMMON_BLOCKS = YES;
				GCC_OPTIMIZATION_LEVEL = 0;
				GCC_PREPROCESSOR_DEFINITIONS = (
					"DEBUG=1",
					"$(inherited)",
				);
				GCC_WARN_64_TO_32_BIT_CONVERSION = YES;
				GCC_WARN_ABOUT_RETURN_TYPE = YES_ERROR;
				GCC_WARN_UNDECLARED_SELECTOR = YES;
				GCC_WARN_UNINITIALIZED_AUTOS = YES_AGGRESSIVE;
				GCC_WARN_UNUSED_FUNCTION = YES;
				GCC_WARN_UNUSED_VARIABLE = YES;
				IPHONEOS_DEPLOYMENT_TARGET = 18.1;
				LOCALIZATION_PREFERS_STRING_CATALOGS = YES;
				MTL_ENABLE_DEBUG_INFO = INCLUDE_SOURCE;
				MTL_FAST_MATH = YES;
				ONLY_ACTIVE_ARCH = YES;
				SDKROOT = iphoneos;
				SWIFT_ACTIVE_COMPILATION_CONDITIONS = "DEBUG $(inherited)";
				SWIFT_OPTIMIZATION_LEVEL = "-Onone";
			};
			name = Debug;
		};
		3B1A1A9B2CEB277300842F79 /* Release */ = {
			isa = XCBuildConfiguration;
			buildSettings = {
				ALWAYS_SEARCH_USER_PATHS = NO;
				ASSETCATALOG_COMPILER_GENERATE_SWIFT_ASSET_SYMBOL_EXTENSIONS = YES;
				CLANG_ANALYZER_NONNULL = YES;
				CLANG_ANALYZER_NUMBER_OBJECT_CONVERSION = YES_AGGRESSIVE;
				CLANG_CXX_LANGUAGE_STANDARD = "gnu++20";
				CLANG_ENABLE_MODULES = YES;
				CLANG_ENABLE_OBJC_ARC = YES;
				CLANG_ENABLE_OBJC_WEAK = YES;
				CLANG_WARN_BLOCK_CAPTURE_AUTORELEASING = YES;
				CLANG_WARN_BOOL_CONVERSION = YES;
				CLANG_WARN_COMMA = YES;
				CLANG_WARN_CONSTANT_CONVERSION = YES;
				CLANG_WARN_DEPRECATED_OBJC_IMPLEMENTATIONS = YES;
				CLANG_WARN_DIRECT_OBJC_ISA_USAGE = YES_ERROR;
				CLANG_WARN_DOCUMENTATION_COMMENTS = YES;
				CLANG_WARN_EMPTY_BODY = YES;
				CLANG_WARN_ENUM_CONVERSION = YES;
				CLANG_WARN_INFINITE_RECURSION = YES;
				CLANG_WARN_INT_CONVERSION = YES;
				CLANG_WARN_NON_LITERAL_NULL_CONVERSION = YES;
				CLANG_WARN_OBJC_IMPLICIT_RETAIN_SELF = YES;
				CLANG_WARN_OBJC_LITERAL_CONVERSION = YES;
				CLANG_WARN_OBJC_ROOT_CLASS = YES_ERROR;
				CLANG_WARN_QUOTED_INCLUDE_IN_FRAMEWORK_HEADER = YES;
				CLANG_WARN_RANGE_LOOP_ANALYSIS = YES;
				CLANG_WARN_STRICT_PROTOTYPES = YES;
				CLANG_WARN_SUSPICIOUS_MOVE = YES;
				CLANG_WARN_UNGUARDED_AVAILABILITY = YES_AGGRESSIVE;
				CLANG_WARN_UNREACHABLE_CODE = YES;
				CLANG_WARN__DUPLICATE_METHOD_MATCH = YES;
				COPY_PHASE_STRIP = NO;
				DEBUG_INFORMATION_FORMAT = "dwarf-with-dsym";
				ENABLE_NS_ASSERTIONS = NO;
				ENABLE_STRICT_OBJC_MSGSEND = YES;
				ENABLE_USER_SCRIPT_SANDBOXING = YES;
				GCC_C_LANGUAGE_STANDARD = gnu17;
				GCC_NO_COMMON_BLOCKS = YES;
				GCC_WARN_64_TO_32_BIT_CONVERSION = YES;
				GCC_WARN_ABOUT_RETURN_TYPE = YES_ERROR;
				GCC_WARN_UNDECLARED_SELECTOR = YES;
				GCC_WARN_UNINITIALIZED_AUTOS = YES_AGGRESSIVE;
				GCC_WARN_UNUSED_FUNCTION = YES;
				GCC_WARN_UNUSED_VARIABLE = YES;
				IPHONEOS_DEPLOYMENT_TARGET = 18.1;
				LOCALIZATION_PREFERS_STRING_CATALOGS = YES;
				MTL_ENABLE_DEBUG_INFO = NO;
				MTL_FAST_MATH = YES;
				SDKROOT = iphoneos;
				SWIFT_COMPILATION_MODE = wholemodule;
				VALIDATE_PRODUCT = YES;
			};
			name = Release;
		};
		3B1A1A9D2CEB277300842F79 /* Debug */ = {
			isa = XCBuildConfiguration;
			buildSettings = {
				BUNDLE_LOADER = "$(TEST_HOST)";
				CODE_SIGN_STYLE = Automatic;
				CURRENT_PROJECT_VERSION = 1;
				GENERATE_INFOPLIST_FILE = YES;
				IPHONEOS_DEPLOYMENT_TARGET = 18.1;
				MARKETING_VERSION = 1.0;
				PRODUCT_BUNDLE_IDENTIFIER = com.info.toDoUygulamasiTests;
				PRODUCT_NAME = "$(TARGET_NAME)";
				SWIFT_EMIT_LOC_STRINGS = NO;
				SWIFT_VERSION = 5.0;
				TARGETED_DEVICE_FAMILY = "1,2";
				TEST_HOST = "$(BUILT_PRODUCTS_DIR)/toDoUygulamasi.app/$(BUNDLE_EXECUTABLE_FOLDER_PATH)/toDoUygulamasi";
			};
			name = Debug;
		};
		3B1A1A9E2CEB277300842F79 /* Release */ = {
			isa = XCBuildConfiguration;
			buildSettings = {
				BUNDLE_LOADER = "$(TEST_HOST)";
				CODE_SIGN_STYLE = Automatic;
				CURRENT_PROJECT_VERSION = 1;
				GENERATE_INFOPLIST_FILE = YES;
				IPHONEOS_DEPLOYMENT_TARGET = 18.1;
				MARKETING_VERSION = 1.0;
				PRODUCT_BUNDLE_IDENTIFIER = com.info.toDoUygulamasiTests;
				PRODUCT_NAME = "$(TARGET_NAME)";
				SWIFT_EMIT_LOC_STRINGS = NO;
				SWIFT_VERSION = 5.0;
				TARGETED_DEVICE_FAMILY = "1,2";
				TEST_HOST = "$(BUILT_PRODUCTS_DIR)/toDoUygulamasi.app/$(BUNDLE_EXECUTABLE_FOLDER_PATH)/toDoUygulamasi";
			};
			name = Release;
		};
		3B1A1AA02CEB277300842F79 /* Debug */ = {
			isa = XCBuildConfiguration;
			buildSettings = {
				CODE_SIGN_STYLE = Automatic;
				CURRENT_PROJECT_VERSION = 1;
				GENERATE_INFOPLIST_FILE = YES;
				MARKETING_VERSION = 1.0;
				PRODUCT_BUNDLE_IDENTIFIER = com.info.toDoUygulamasiUITests;
				PRODUCT_NAME = "$(TARGET_NAME)";
				SWIFT_EMIT_LOC_STRINGS = NO;
				SWIFT_VERSION = 5.0;
				TARGETED_DEVICE_FAMILY = "1,2";
				TEST_TARGET_NAME = toDoUygulamasi;
			};
			name = Debug;
		};
		3B1A1AA12CEB277300842F79 /* Release */ = {
			isa = XCBuildConfiguration;
			buildSettings = {
				CODE_SIGN_STYLE = Automatic;
				CURRENT_PROJECT_VERSION = 1;
				GENERATE_INFOPLIST_FILE = YES;
				MARKETING_VERSION = 1.0;
				PRODUCT_BUNDLE_IDENTIFIER = com.info.toDoUygulamasiUITests;
				PRODUCT_NAME = "$(TARGET_NAME)";
				SWIFT_EMIT_LOC_STRINGS = NO;
				SWIFT_VERSION = 5.0;
				TARGETED_DEVICE_FAMILY = "1,2";
				TEST_TARGET_NAME = toDoUygulamasi;
			};
			name = Release;
		};
/* End XCBuildConfiguration section */

/* Begin XCConfigurationList section */
		3B1A1A692CEB277100842F79 /* Build configuration list for PBXProject "toDoUygulamasi" */ = {
			isa = XCConfigurationList;
			buildConfigurations = (
				3B1A1A9A2CEB277300842F79 /* Debug */,
				3B1A1A9B2CEB277300842F79 /* Release */,
			);
			defaultConfigurationIsVisible = 0;
			defaultConfigurationName = Release;
		};
		3B1A1A972CEB277300842F79 /* Build configuration list for PBXNativeTarget "toDoUygulamasi" */ = {
			isa = XCConfigurationList;
			buildConfigurations = (
				3B1A1A982CEB277300842F79 /* Debug */,
				3B1A1A992CEB277300842F79 /* Release */,
			);
			defaultConfigurationIsVisible = 0;
			defaultConfigurationName = Release;
		};
		3B1A1A9C2CEB277300842F79 /* Build configuration list for PBXNativeTarget "toDoUygulamasiTests" */ = {
			isa = XCConfigurationList;
			buildConfigurations = (
				3B1A1A9D2CEB277300842F79 /* Debug */,
				3B1A1A9E2CEB277300842F79 /* Release */,
			);
			defaultConfigurationIsVisible = 0;
			defaultConfigurationName = Release;
		};
		3B1A1A9F2CEB277300842F79 /* Build configuration list for PBXNativeTarget "toDoUygulamasiUITests" */ = {
			isa = XCConfigurationList;
			buildConfigurations = (
				3B1A1AA02CEB277300842F79 /* Debug */,
				3B1A1AA12CEB277300842F79 /* Release */,
			);
			defaultConfigurationIsVisible = 0;
			defaultConfigurationName = Release;
		};
/* End XCConfigurationList section */

/* Begin XCRemoteSwiftPackageReference section */
		3BCC3C6E2CEB6F32006339D2 /* XCRemoteSwiftPackageReference "RxSwift" */ = {
			isa = XCRemoteSwiftPackageReference;
			repositoryURL = "https://github.com/ReactiveX/RxSwift.git";
			requirement = {
				kind = upToNextMajorVersion;
				minimumVersion = 6.8.0;
			};
		};
/* End XCRemoteSwiftPackageReference section */

/* Begin XCSwiftPackageProductDependency section */
		3BCC3C6F2CEB6F32006339D2 /* RxSwift */ = {
			isa = XCSwiftPackageProductDependency;
			package = 3BCC3C6E2CEB6F32006339D2 /* XCRemoteSwiftPackageReference "RxSwift" */;
			productName = RxSwift;
		};
/* End XCSwiftPackageProductDependency section */
	};
	rootObject = 3B1A1A662CEB277100842F79 /* Project object */;
}
